
Microsoft Visual Studio Solution File, Format Version 12.00
# Visual Studio 15
VisualStudioVersion = 15.0.27703.2000
MinimumVisualStudioVersion = 10.0.40219.1
Project("{FAE04EC0-301F-11D3-BF4B-00C04F79EFBC}") = "1.PageObjects with Staics", "1.PageObjects with Statics\1.PageObjects with Staics.csproj", "{BC30DA76-E172-489A-B7F7-62658B87CADE}"
EndProject
Project("{FAE04EC0-301F-11D3-BF4B-00C04F79EFBC}") = "2.PageObjects with PageFactory", "2.WorkingWithPageObjects\2.PageObjects with PageFactory.csproj", "{BB0852BC-FD1C-46C0-9345-FE39B88A72F2}"
EndProject
Project("{FAE04EC0-301F-11D3-BF4B-00C04F79EFBC}") = "3. CustomDataProviders", "3.CustomDataProviders\3. CustomDataProviders.csproj", "{7AF94644-0F3B-4713-98BD-243D49BFA4A7}"
EndProject
Project("{FAE04EC0-301F-11D3-BF4B-00C04F79EFBC}") = "4. UsingPageFactory", "4.UsingPageFactory\4. UsingPageFactory.csproj", "{F044C6D3-DEE2-4ACB-9B64-27959C9FCCFB}"
EndProject
Project("{FAE04EC0-301F-11D3-BF4B-00C04F79EFBC}") = "5. UsingWebGrid", "5.UsingWebGrid\5. UsingWebGrid.csproj", "{D432C64F-E5D8-43EF-ABD2-E2A9E5716F39}"
EndProject
Global
	GlobalSection(SolutionConfigurationPlatforms) = preSolution
		Debug|Any CPU = Debug|Any CPU
		Release|Any CPU = Release|Any CPU
	EndGlobalSection
	GlobalSection(ProjectConfigurationPlatforms) = postSolution
		{BC30DA76-E172-489A-B7F7-62658B87CADE}.Debug|Any CPU.ActiveCfg = Debug|Any CPU
		{BC30DA76-E172-489A-B7F7-62658B87CADE}.Debug|Any CPU.Build.0 = Debug|Any CPU
		{BC30DA76-E172-489A-B7F7-62658B87CADE}.Release|Any CPU.ActiveCfg = Release|Any CPU
		{BC30DA76-E172-489A-B7F7-62658B87CADE}.Release|Any CPU.Build.0 = Release|Any CPU
		{BB0852BC-FD1C-46C0-9345-FE39B88A72F2}.Debug|Any CPU.ActiveCfg = Debug|Any CPU
		{BB0852BC-FD1C-46C0-9345-FE39B88A72F2}.Debug|Any CPU.Build.0 = Debug|Any CPU
		{BB0852BC-FD1C-46C0-9345-FE39B88A72F2}.Release|Any CPU.ActiveCfg = Release|Any CPU
		{BB0852BC-FD1C-46C0-9345-FE39B88A72F2}.Release|Any CPU.Build.0 = Release|Any CPU
		{7AF94644-0F3B-4713-98BD-243D49BFA4A7}.Debug|Any CPU.ActiveCfg = Debug|Any CPU
		{7AF94644-0F3B-4713-98BD-243D49BFA4A7}.Debug|Any CPU.Build.0 = Debug|Any CPU
		{7AF94644-0F3B-4713-98BD-243D49BFA4A7}.Release|Any CPU.ActiveCfg = Release|Any CPU
		{7AF94644-0F3B-4713-98BD-243D49BFA4A7}.Release|Any CPU.Build.0 = Release|Any CPU
		{F044C6D3-DEE2-4ACB-9B64-27959C9FCCFB}.Debug|Any CPU.ActiveCfg = Debug|Any CPU
		{F044C6D3-DEE2-4ACB-9B64-27959C9FCCFB}.Debug|Any CPU.Build.0 = Debug|Any CPU
		{F044C6D3-DEE2-4ACB-9B64-27959C9FCCFB}.Release|Any CPU.ActiveCfg = Release|Any CPU
		{F044C6D3-DEE2-4ACB-9B64-27959C9FCCFB}.Release|Any CPU.Build.0 = Release|Any CPU
		{D432C64F-E5D8-43EF-ABD2-E2A9E5716F39}.Debug|Any CPU.ActiveCfg = Debug|Any CPU
		{D432C64F-E5D8-43EF-ABD2-E2A9E5716F39}.Debug|Any CPU.Build.0 = Debug|Any CPU
		{D432C64F-E5D8-43EF-ABD2-E2A9E5716F39}.Release|Any CPU.ActiveCfg = Release|Any CPU
		{D432C64F-E5D8-43EF-ABD2-E2A9E5716F39}.Release|Any CPU.Build.0 = Release|Any CPU
	EndGlobalSection
	GlobalSection(SolutionProperties) = preSolution
		HideSolutionNode = FALSE
	EndGlobalSection
	GlobalSection(ExtensibilityGlobals) = postSolution
		SolutionGuid = {23DE24F1-8862-48C4-B658-32D8A6AF1399}
	EndGlobalSection
EndGlobal
