
Microsoft Visual Studio Solution File, Format Version 12.00
# Visual Studio 15
VisualStudioVersion = 15.0.27703.1
MinimumVisualStudioVersion = 10.0.40219.1
Project("{FAE04EC0-301F-11D3-BF4B-00C04F79EFBC}") = "HelloWeb", "HelloWeb.csproj", "{9F4A9440-1BCB-4813-B5BB-3E158E2AE130}"
EndProject
Global
	GlobalSection(SolutionConfigurationPlatforms) = preSolution
		Debug|Any CPU = Debug|Any CPU
		Release|Any CPU = Release|Any CPU
	EndGlobalSection
	GlobalSection(ProjectConfigurationPlatforms) = postSolution
		{9F4A9440-1BCB-4813-B5BB-3E158E2AE130}.Debug|Any CPU.ActiveCfg = Debug|Any CPU
		{9F4A9440-1BCB-4813-B5BB-3E158E2AE130}.Debug|Any CPU.Build.0 = Debug|Any CPU
		{9F4A9440-1BCB-4813-B5BB-3E158E2AE130}.Release|Any CPU.ActiveCfg = Release|Any CPU
		{9F4A9440-1BCB-4813-B5BB-3E158E2AE130}.Release|Any CPU.Build.0 = Release|Any CPU
	EndGlobalSection
	GlobalSection(SolutionProperties) = preSolution
		HideSolutionNode = FALSE
	EndGlobalSection
	GlobalSection(ExtensibilityGlobals) = postSolution
		SolutionGuid = {715D8B73-3969-4A7F-B160-E684D84CC1CE}
	EndGlobalSection
EndGlobal
