
Microsoft Visual Studio Solution File, Format Version 12.00
# Visual Studio 15
VisualStudioVersion = 15.0.27703.1
MinimumVisualStudioVersion = 10.0.40219.1
Project("{FAE04EC0-301F-11D3-BF4B-00C04F79EFBC}") = "Calculator", "Calculator\Calculator.csproj", "{A1C3585A-269E-404B-8BF8-2EDB75F2F3B2}"
EndProject
Project("{FAE04EC0-301F-11D3-BF4B-00C04F79EFBC}") = "Calculator.Tests", "Calculator.Tests\Calculator.Tests.csproj", "{4DA011F7-F566-4A34-815C-D4CB68DCFCBB}"
EndProject
Global
	GlobalSection(SolutionConfigurationPlatforms) = preSolution
		Debug|Any CPU = Debug|Any CPU
		Release|Any CPU = Release|Any CPU
	EndGlobalSection
	GlobalSection(ProjectConfigurationPlatforms) = postSolution
		{A1C3585A-269E-404B-8BF8-2EDB75F2F3B2}.Debug|Any CPU.ActiveCfg = Debug|Any CPU
		{A1C3585A-269E-404B-8BF8-2EDB75F2F3B2}.Debug|Any CPU.Build.0 = Debug|Any CPU
		{A1C3585A-269E-404B-8BF8-2EDB75F2F3B2}.Release|Any CPU.ActiveCfg = Release|Any CPU
		{A1C3585A-269E-404B-8BF8-2EDB75F2F3B2}.Release|Any CPU.Build.0 = Release|Any CPU
		{4DA011F7-F566-4A34-815C-D4CB68DCFCBB}.Debug|Any CPU.ActiveCfg = Debug|Any CPU
		{4DA011F7-F566-4A34-815C-D4CB68DCFCBB}.Debug|Any CPU.Build.0 = Debug|Any CPU
		{4DA011F7-F566-4A34-815C-D4CB68DCFCBB}.Release|Any CPU.ActiveCfg = Release|Any CPU
		{4DA011F7-F566-4A34-815C-D4CB68DCFCBB}.Release|Any CPU.Build.0 = Release|Any CPU
	EndGlobalSection
	GlobalSection(SolutionProperties) = preSolution
		HideSolutionNode = FALSE
	EndGlobalSection
	GlobalSection(ExtensibilityGlobals) = postSolution
		SolutionGuid = {B5242122-026E-4B00-ABA3-669AEC326F1D}
	EndGlobalSection
EndGlobal
